
Microsoft Visual Studio Solution File, Format Version 12.00
# Visual Studio Version 16
VisualStudioVersion = 16.0.31727.386
MinimumVisualStudioVersion = 10.0.40219.1
Project("{9A19103F-16F7-4668-BE54-9A1E7A4F7556}") = "SvgEditor.API", "SvgEditor.API\SvgEditor.API.csproj", "{3ACCCD6D-8FDC-40AE-A6C0-0516C9DA49E9}"
EndProject
Global
	GlobalSection(SolutionConfigurationPlatforms) = preSolution
		Debug|Any CPU = Debug|Any CPU
		Release|Any CPU = Release|Any CPU
	EndGlobalSection
	GlobalSection(ProjectConfigurationPlatforms) = postSolution
		{3ACCCD6D-8FDC-40AE-A6C0-0516C9DA49E9}.Debug|Any CPU.ActiveCfg = Debug|Any CPU
		{3ACCCD6D-8FDC-40AE-A6C0-0516C9DA49E9}.Debug|Any CPU.Build.0 = Debug|Any CPU
		{3ACCCD6D-8FDC-40AE-A6C0-0516C9DA49E9}.Release|Any CPU.ActiveCfg = Release|Any CPU
		{3ACCCD6D-8FDC-40AE-A6C0-0516C9DA49E9}.Release|Any CPU.Build.0 = Release|Any CPU
	EndGlobalSection
	GlobalSection(SolutionProperties) = preSolution
		HideSolutionNode = FALSE
	EndGlobalSection
	GlobalSection(ExtensibilityGlobals) = postSolution
		SolutionGuid = {3F438B1C-9332-49B4-972F-AF25F3E26F8B}
	EndGlobalSection
EndGlobal
